Microsoft Visual Studio Solution File, Format Version 9.00
# Visual Studio 2005
Project("{FAE04EC0-301F-11D3-BF4B-00C04F79EFBC}") = "AutoCompleteTextBox Demo", "AutoCompleteTextBox Demo.csproj", "{AAE72112-A5F5-4D61-BF65-597C2BA5C7B7}"
EndProject
Project("{FAE04EC0-301F-11D3-BF4B-00C04F79EFBC}") = "AutoComplete", "Femiani.Forms.UI\AutoComplete.csproj", "{77FB2ED1-B6BE-4425-8B29-51E8565E84EC}"
EndProject
Global
	GlobalSection(SolutionConfigurationPlatforms) = preSolution
		Debug|Any CPU = Debug|Any CPU
		Release|Any CPU = Release|Any CPU
	EndGlobalSection
	GlobalSection(ProjectConfigurationPlatforms) = postSolution
		{AAE72112-A5F5-4D61-BF65-597C2BA5C7B7}.Debug|Any CPU.ActiveCfg = Debug|Any CPU
		{AAE72112-A5F5-4D61-BF65-597C2BA5C7B7}.Debug|Any CPU.Build.0 = Debug|Any CPU
		{AAE72112-A5F5-4D61-BF65-597C2BA5C7B7}.Release|Any CPU.ActiveCfg = Release|Any CPU
		{AAE72112-A5F5-4D61-BF65-597C2BA5C7B7}.Release|Any CPU.Build.0 = Release|Any CPU
		{77FB2ED1-B6BE-4425-8B29-51E8565E84EC}.Debug|Any CPU.ActiveCfg = Debug|Any CPU
		{77FB2ED1-B6BE-4425-8B29-51E8565E84EC}.Debug|Any CPU.Build.0 = Debug|Any CPU
		{77FB2ED1-B6BE-4425-8B29-51E8565E84EC}.Release|Any CPU.ActiveCfg = Release|Any CPU
		{77FB2ED1-B6BE-4425-8B29-51E8565E84EC}.Release|Any CPU.Build.0 = Release|Any CPU
	EndGlobalSection
	GlobalSection(SolutionProperties) = preSolution
		HideSolutionNode = FALSE
	EndGlobalSection
EndGlobal
