
Microsoft Visual Studio Solution File, Format Version 11.00
# Visual C# Express 2010
Project("{FAE04EC0-301F-11D3-BF4B-00C04F79EFBC}") = "GXControl", "GXControl\GXControl.csproj", "{019A8FA6-9FB3-4D3E-9C62-FDB7F0FD4D0B}"
EndProject
Project("{FAE04EC0-301F-11D3-BF4B-00C04F79EFBC}") = "GXGlobal", "DBAccess\GXGlobal.csproj", "{9712914B-5500-4833-887B-2733F2B3FE97}"
EndProject
Project("{FAE04EC0-301F-11D3-BF4B-00C04F79EFBC}") = "GiaoXu", "ChuongTrinh\GiaoXu.csproj", "{38A3B654-5EAA-45E6-84B2-2B2B55D7B36A}"
EndProject
Project("{FAE04EC0-301F-11D3-BF4B-00C04F79EFBC}") = "ExcelReport", "ExcelReport\ExcelReport.csproj", "{410FD24C-6FB4-4277-9D48-2415BF92D612}"
EndProject
Project("{FAE04EC0-301F-11D3-BF4B-00C04F79EFBC}") = "AutoUpdate", "AutoUpdate\AutoUpdate.csproj", "{4E754934-DF3F-4D98-B4B7-0633363BB4F9}"
EndProject
Project("{FAE04EC0-301F-11D3-BF4B-00C04F79EFBC}") = "GiaoLy", "Giaoly\GiaoLy.csproj", "{3273866C-AF44-4ABA-8BFF-1465571BC5BB}"
EndProject
Project("{FAE04EC0-301F-11D3-BF4B-00C04F79EFBC}") = "vnConvert", "ConvertFont\vnConvert.csproj", "{F8A51DD4-C87E-467C-9974-4229BA9BCCBA}"
EndProject
Global
	GlobalSection(SolutionConfigurationPlatforms) = preSolution
		Debug|Any CPU = Debug|Any CPU
		Release|Any CPU = Release|Any CPU
	EndGlobalSection
	GlobalSection(ProjectConfigurationPlatforms) = postSolution
		{019A8FA6-9FB3-4D3E-9C62-FDB7F0FD4D0B}.Debug|Any CPU.ActiveCfg = Debug|Any CPU
		{019A8FA6-9FB3-4D3E-9C62-FDB7F0FD4D0B}.Debug|Any CPU.Build.0 = Debug|Any CPU
		{019A8FA6-9FB3-4D3E-9C62-FDB7F0FD4D0B}.Release|Any CPU.ActiveCfg = Release|Any CPU
		{019A8FA6-9FB3-4D3E-9C62-FDB7F0FD4D0B}.Release|Any CPU.Build.0 = Release|Any CPU
		{9712914B-5500-4833-887B-2733F2B3FE97}.Debug|Any CPU.ActiveCfg = Debug|Any CPU
		{9712914B-5500-4833-887B-2733F2B3FE97}.Debug|Any CPU.Build.0 = Debug|Any CPU
		{9712914B-5500-4833-887B-2733F2B3FE97}.Release|Any CPU.ActiveCfg = Release|Any CPU
		{9712914B-5500-4833-887B-2733F2B3FE97}.Release|Any CPU.Build.0 = Release|Any CPU
		{38A3B654-5EAA-45E6-84B2-2B2B55D7B36A}.Debug|Any CPU.ActiveCfg = Debug|Any CPU
		{38A3B654-5EAA-45E6-84B2-2B2B55D7B36A}.Debug|Any CPU.Build.0 = Debug|Any CPU
		{38A3B654-5EAA-45E6-84B2-2B2B55D7B36A}.Release|Any CPU.ActiveCfg = Release|Any CPU
		{38A3B654-5EAA-45E6-84B2-2B2B55D7B36A}.Release|Any CPU.Build.0 = Release|Any CPU
		{410FD24C-6FB4-4277-9D48-2415BF92D612}.Debug|Any CPU.ActiveCfg = Debug|Any CPU
		{410FD24C-6FB4-4277-9D48-2415BF92D612}.Debug|Any CPU.Build.0 = Debug|Any CPU
		{410FD24C-6FB4-4277-9D48-2415BF92D612}.Release|Any CPU.ActiveCfg = Release|Any CPU
		{410FD24C-6FB4-4277-9D48-2415BF92D612}.Release|Any CPU.Build.0 = Release|Any CPU
		{4E754934-DF3F-4D98-B4B7-0633363BB4F9}.Debug|Any CPU.ActiveCfg = Debug|Any CPU
		{4E754934-DF3F-4D98-B4B7-0633363BB4F9}.Debug|Any CPU.Build.0 = Debug|Any CPU
		{4E754934-DF3F-4D98-B4B7-0633363BB4F9}.Release|Any CPU.ActiveCfg = Release|Any CPU
		{4E754934-DF3F-4D98-B4B7-0633363BB4F9}.Release|Any CPU.Build.0 = Release|Any CPU
		{3273866C-AF44-4ABA-8BFF-1465571BC5BB}.Debug|Any CPU.ActiveCfg = Debug|Any CPU
		{3273866C-AF44-4ABA-8BFF-1465571BC5BB}.Debug|Any CPU.Build.0 = Debug|Any CPU
		{3273866C-AF44-4ABA-8BFF-1465571BC5BB}.Release|Any CPU.ActiveCfg = Release|Any CPU
		{3273866C-AF44-4ABA-8BFF-1465571BC5BB}.Release|Any CPU.Build.0 = Release|Any CPU
		{F8A51DD4-C87E-467C-9974-4229BA9BCCBA}.Debug|Any CPU.ActiveCfg = Debug|Any CPU
		{F8A51DD4-C87E-467C-9974-4229BA9BCCBA}.Debug|Any CPU.Build.0 = Debug|Any CPU
		{F8A51DD4-C87E-467C-9974-4229BA9BCCBA}.Release|Any CPU.ActiveCfg = Release|Any CPU
		{F8A51DD4-C87E-467C-9974-4229BA9BCCBA}.Release|Any CPU.Build.0 = Release|Any CPU
	EndGlobalSection
	GlobalSection(SolutionProperties) = preSolution
		HideSolutionNode = FALSE
	EndGlobalSection
EndGlobal
